// !$*UTF8*$!
{
	archiveVersion = 1;
	classes = {
	};
	objectVersion = 50;
	objects = {

/* Begin PBXBuildFile section */
		AD616E3726BD02EC00A6953D /* AppDelegate.swift in Sources */ = {isa = PBXBuildFile; fileRef = AD616E3626BD02EC00A6953D /* AppDelegate.swift */; };
		AD616E3926BD02EC00A6953D /* SceneDelegate.swift in Sources */ = {isa = PBXBuildFile; fileRef = AD616E3826BD02EC00A6953D /* SceneDelegate.swift */; };
		AD616E3B26BD02EC00A6953D /* ViewController.swift in Sources */ = {isa = PBXBuildFile; fileRef = AD616E3A26BD02EC00A6953D /* ViewController.swift */; };
		AD616E3E26BD02EC00A6953D /* Main.storyboard in Resources */ = {isa = PBXBuildFile; fileRef = AD616E3C26BD02EC00A6953D /* Main.storyboard */; };
		AD616E4026BD02EE00A6953D /* Assets.xcassets in Resources */ = {isa = PBXBuildFile; fileRef = AD616E3F26BD02EE00A6953D /* Assets.xcassets */; };
		AD616E4326BD02EE00A6953D /* LaunchScreen.storyboard in Resources */ = {isa = PBXBuildFile; fileRef = AD616E4126BD02EE00A6953D /* LaunchScreen.storyboard */; };
		AD616E4E26BD02EF00A6953D /* PreworkTests.swift in Sources */ = {isa = PBXBuildFile; fileRef = AD616E4D26BD02EF00A6953D /* PreworkTests.swift */; };
		AD616E5926BD02EF00A6953D /* PreworkUITests.swift in Sources */ = {isa = PBXBuildFile; fileRef = AD616E5826BD02EF00A6953D /* PreworkUITests.swift */; };
/* End PBXBuildFile section */

/* Begin PBXContainerItemProxy section */
		AD616E4A26BD02EF00A6953D /* PBXContainerItemProxy */ = {
			isa = PBXContainerItemProxy;
			containerPortal = AD616E2B26BD02EC00A6953D /* Project object */;
			proxyType = 1;
			remoteGlobalIDString = AD616E3226BD02EC00A6953D;
			remoteInfo = Prework;
		};
		AD616E5526BD02EF00A6953D /* PBXContainerItemProxy */ = {
			isa = PBXContainerItemProxy;
			containerPortal = AD616E2B26BD02EC00A6953D /* Project object */;
			proxyType = 1;
			remoteGlobalIDString = AD616E3226BD02EC00A6953D;
			remoteInfo = Prework;
		};
/* End PBXContainerItemProxy section */

/* Begin PBXFileReference section */
		AD616E3326BD02EC00A6953D /* Prework.app */ = {isa = PBXFileReference; explicitFileType = wrapper.application; includeInIndex = 0; path = Prework.app; sourceTree = BUILT_PRODUCTS_DIR; };
		AD616E3626BD02EC00A6953D /* AppDelegate.swift */ = {isa = PBXFileReference; lastKnownFileType = sourcecode.swift; path = AppDelegate.swift; sourceTree = "<group>"; };
		AD616E3826BD02EC00A6953D /* SceneDelegate.swift */ = {isa = PBXFileReference; lastKnownFileType = sourcecode.swift; path = SceneDelegate.swift; sourceTree = "<group>"; };
		AD616E3A26BD02EC00A6953D /* ViewController.swift */ = {isa = PBXFileReference; lastKnownFileType = sourcecode.swift; path = ViewController.swift; sourceTree = "<group>"; };
		AD616E3D26BD02EC00A6953D /* Base */ = {isa = PBXFileReference; lastKnownFileType = file.storyboard; name = Base; path = Base.lproj/Main.storyboard; sourceTree = "<group>"; };
		AD616E3F26BD02EE00A6953D /* Assets.xcassets */ = {isa = PBXFileReference; lastKnownFileType = folder.assetcatalog; path = Assets.xcassets; sourceTree = "<group>"; };
		AD616E4226BD02EE00A6953D /* Base */ = {isa = PBXFileReference; lastKnownFileType = file.storyboard; name = Base; path = Base.lproj/LaunchScreen.storyboard; sourceTree = "<group>"; };
		AD616E4426BD02EE00A6953D /* Info.plist */ = {isa = PBXFileReference; lastKnownFileType = text.plist.xml; path = Info.plist; sourceTree = "<group>"; };
		AD616E4926BD02EF00A6953D /* PreworkTests.xctest */ = {isa = PBXFileReference; explicitFileType = wrapper.cfbundle; includeInIndex = 0; path = PreworkTests.xctest; sourceTree = BUILT_PRODUCTS_DIR; };
		AD616E4D26BD02EF00A6953D /* PreworkTests.swift */ = {isa = PBXFileReference; lastKnownFileType = sourcecode.swift; path = PreworkTests.swift; sourceTree = "<group>"; };
		AD616E4F26BD02EF00A6953D /* Info.plist */ = {isa = PBXFileReference; lastKnownFileType = text.plist.xml; path = Info.plist; sourceTree = "<group>"; };
		AD616E5426BD02EF00A6953D /* PreworkUITests.xctest */ = {isa = PBXFileReference; explicitFileType = wrapper.cfbundle; includeInIndex = 0; path = PreworkUITests.xctest; sourceTree = BUILT_PRODUCTS_DIR; };
		AD616E5826BD02EF00A6953D /* PreworkUITests.swift */ = {isa = PBXFileReference; lastKnownFileType = sourcecode.swift; path = PreworkUITests.swift; sourceTree = "<group>"; };
		AD616E5A26BD02EF00A6953D /* Info.plist */ = {isa = PBXFileReference; lastKnownFileType = text.plist.xml; path = Info.plist; sourceTree = "<group>"; };
/* End PBXFileReference section */

/* Begin PBXFrameworksBuildPhase section */
		AD616E3026BD02EC00A6953D /* Frameworks */ = {
			isa = PBXFrameworksBuildPhase;
			buildActionMask = 2147483647;
			files = (
			);
			runOnlyForDeploymentPostprocessing = 0;
		};
		AD616E4626BD02EF00A6953D /* Frameworks */ = {
			isa = PBXFrameworksBuildPhase;
			buildActionMask = 2147483647;
			files = (
			);
			runOnlyForDeploymentPostprocessing = 0;
		};
		AD616E5126BD02EF00A6953D /* Frameworks */ = {
			isa = PBXFrameworksBuildPhase;
			buildActionMask = 2147483647;
			files = (
			);
			runOnlyForDeploymentPostprocessing = 0;
		};
/* End PBXFrameworksBuildPhase section */

/* Begin PBXGroup section */
		AD616E2A26BD02EC00A6953D = {
			isa = PBXGroup;
			children = (
				AD616E3526BD02EC00A6953D /* Prework */,
				AD616E4C26BD02EF00A6953D /* PreworkTests */,
				AD616E5726BD02EF00A6953D /* PreworkUITests */,
				AD616E3426BD02EC00A6953D /* Products */,
			);
			sourceTree = "<group>";
		};
		AD616E3426BD02EC00A6953D /* Products */ = {
			isa = PBXGroup;
			children = (
				AD616E3326BD02EC00A6953D /* Prework.app */,
				AD616E4926BD02EF00A6953D /* PreworkTests.xctest */,
				AD616E5426BD02EF00A6953D /* PreworkUITests.xctest */,
			);
			name = Products;
			sourceTree = "<group>";
		};
		AD616E3526BD02EC00A6953D /* Prework */ = {
			isa = PBXGroup;
			children = (
				AD616E3626BD02EC00A6953D /* AppDelegate.swift */,
				AD616E3826BD02EC00A6953D /* SceneDelegate.swift */,
				AD616E3A26BD02EC00A6953D /* ViewController.swift */,
				AD616E3C26BD02EC00A6953D /* Main.storyboard */,
				AD616E3F26BD02EE00A6953D /* Assets.xcassets */,
				AD616E4126BD02EE00A6953D /* LaunchScreen.storyboard */,
				AD616E4426BD02EE00A6953D /* Info.plist */,
			);
			path = Prework;
			sourceTree = "<group>";
		};
		AD616E4C26BD02EF00A6953D /* PreworkTests */ = {
			isa = PBXGroup;
			children = (
				AD616E4D26BD02EF00A6953D /* PreworkTests.swift */,
				AD616E4F26BD02EF00A6953D /* Info.plist */,
			);
			path = PreworkTests;
			sourceTree = "<group>";
		};
		AD616E5726BD02EF00A6953D /* PreworkUITests */ = {
			isa = PBXGroup;
			children = (
				AD616E5826BD02EF00A6953D /* PreworkUITests.swift */,
				AD616E5A26BD02EF00A6953D /* Info.plist */,
			);
			path = PreworkUITests;
			sourceTree = "<group>";
		};
/* End PBXGroup section */

/* Begin PBXNativeTarget section */
		AD616E3226BD02EC00A6953D /* Prework */ = {
			isa = PBXNativeTarget;
			buildConfigurationList = AD616E5D26BD02EF00A6953D /* Build configuration list for PBXNativeTarget "Prework" */;
			buildPhases = (
				AD616E2F26BD02EC00A6953D /* Sources */,
				AD616E3026BD02EC00A6953D /* Frameworks */,
				AD616E3126BD02EC00A6953D /* Resources */,
			);
			buildRules = (
			);
			dependencies = (
			);
			name = Prework;
			productName = Prework;
			productReference = AD616E3326BD02EC00A6953D /* Prework.app */;
			productType = "com.apple.product-type.application";
		};
		AD616E4826BD02EF00A6953D /* PreworkTests */ = {
			isa = PBXNativeTarget;
			buildConfigurationList = AD616E6026BD02EF00A6953D /* Build configuration list for PBXNativeTarget "PreworkTests" */;
			buildPhases = (
				AD616E4526BD02EF00A6953D /* Sources */,
				AD616E4626BD02EF00A6953D /* Frameworks */,
				AD616E4726BD02EF00A6953D /* Resources */,
			);
			buildRules = (
			);
			dependencies = (
				AD616E4B26BD02EF00A6953D /* PBXTargetDependency */,
			);
			name = PreworkTests;
			productName = PreworkTests;
			productReference = AD616E4926BD02EF00A6953D /* PreworkTests.xctest */;
			productType = "com.apple.product-type.bundle.unit-test";
		};
		AD616E5326BD02EF00A6953D /* PreworkUITests */ = {
			isa = PBXNativeTarget;
			buildConfigurationList = AD616E6326BD02EF00A6953D /* Build configuration list for PBXNativeTarget "PreworkUITests" */;
			buildPhases = (
				AD616E5026BD02EF00A6953D /* Sources */,
				AD616E5126BD02EF00A6953D /* Frameworks */,
				AD616E5226BD02EF00A6953D /* Resources */,
			);
			buildRules = (
			);
			dependencies = (
				AD616E5626BD02EF00A6953D /* PBXTargetDependency */,
			);
			name = PreworkUITests;
			productName = PreworkUITests;
			productReference = AD616E5426BD02EF00A6953D /* PreworkUITests.xctest */;
			productType = "com.apple.product-type.bundle.ui-testing";
		};
/* End PBXNativeTarget section */

/* Begin PBXProject section */
		AD616E2B26BD02EC00A6953D /* Project object */ = {
			isa = PBXProject;
			attributes = {
				LastSwiftUpdateCheck = 1250;
				LastUpgradeCheck = 1250;
				TargetAttributes = {
					AD616E3226BD02EC00A6953D = {
						CreatedOnToolsVersion = 12.5.1;
					};
					AD616E4826BD02EF00A6953D = {
						CreatedOnToolsVersion = 12.5.1;
						TestTargetID = AD616E3226BD02EC00A6953D;
					};
					AD616E5326BD02EF00A6953D = {
						CreatedOnToolsVersion = 12.5.1;
						TestTargetID = AD616E3226BD02EC00A6953D;
					};
				};
			};
			buildConfigurationList = AD616E2E26BD02EC00A6953D /* Build configuration list for PBXProject "Prework" */;
			compatibilityVersion = "Xcode 9.3";
			developmentRegion = en;
			hasScannedForEncodings = 0;
			knownRegions = (
				en,
				Base,
			);
			mainGroup = AD616E2A26BD02EC00A6953D;
			productRefGroup = AD616E3426BD02EC00A6953D /* Products */;
			projectDirPath = "";
			projectRoot = "";
			targets = (
				AD616E3226BD02EC00A6953D /* Prework */,
				AD616E4826BD02EF00A6953D /* PreworkTests */,
				AD616E5326BD02EF00A6953D /* PreworkUITests */,
			);
		};
/* End PBXProject section */

/* Begin PBXResourcesBuildPhase section */
		AD616E3126BD02EC00A6953D /* Resources */ = {
			isa = PBXResourcesBuildPhase;
			buildActionMask = 2147483647;
			files = (
				AD616E4326BD02EE00A6953D /* LaunchScreen.storyboard in Resources */,
				AD616E4026BD02EE00A6953D /* Assets.xcassets in Resources */,
				AD616E3E26BD02EC00A6953D /* Main.storyboard in Resources */,
			);
			runOnlyForDeploymentPostprocessing = 0;
		};
		AD616E4726BD02EF00A6953D /* Resources */ = {
			isa = PBXResourcesBuildPhase;
			buildActionMask = 2147483647;
			files = (
			);
			runOnlyForDeploymentPostprocessing = 0;
		};
		AD616E5226BD02EF00A6953D /* Resources */ = {
			isa = PBXResourcesBuildPhase;
			buildActionMask = 2147483647;
			files = (
			);
			runOnlyForDeploymentPostprocessing = 0;
		};
/* End PBXResourcesBuildPhase section */

/* Begin PBXSourcesBuildPhase section */
		AD616E2F26BD02EC00A6953D /* Sources */ = {
			isa = PBXSourcesBuildPhase;
			buildActionMask = 2147483647;
			files = (
				AD616E3B26BD02EC00A6953D /* ViewController.swift in Sources */,
				AD616E3726BD02EC00A6953D /* AppDelegate.swift in Sources */,
				AD616E3926BD02EC00A6953D /* SceneDelegate.swift in Sources */,
			);
			runOnlyForDeploymentPostprocessing = 0;
		};
		AD616E4526BD02EF00A6953D /* Sources */ = {
			isa = PBXSourcesBuildPhase;
			buildActionMask = 2147483647;
			files = (
				AD616E4E26BD02EF00A6953D /* PreworkTests.swift in Sources */,
			);
			runOnlyForDeploymentPostprocessing = 0;
		};
		AD616E5026BD02EF00A6953D /* Sources */ = {
			isa = PBXSourcesBuildPhase;
			buildActionMask = 2147483647;
			files = (
				AD616E5926BD02EF00A6953D /* PreworkUITests.swift in Sources */,
			);
			runOnlyForDeploymentPostprocessing = 0;
		};
/* End PBXSourcesBuildPhase section */

/* Begin PBXTargetDependency section */
		AD616E4B26BD02EF00A6953D /* PBXTargetDependency */ = {
			isa = PBXTargetDependency;
			target = AD616E3226BD02EC00A6953D /* Prework */;
			targetProxy = AD616E4A26BD02EF00A6953D /* PBXContainerItemProxy */;
		};
		AD616E5626BD02EF00A6953D /* PBXTargetDependency */ = {
			isa = PBXTargetDependency;
			target = AD616E3226BD02EC00A6953D /* Prework */;
			targetProxy = AD616E5526BD02EF00A6953D /* PBXContainerItemProxy */;
		};
/* End PBXTargetDependency section */

/* Begin PBXVariantGroup section */
		AD616E3C26BD02EC00A6953D /* Main.storyboard */ = {
			isa = PBXVariantGroup;
			children = (
				AD616E3D26BD02EC00A6953D /* Base */,
			);
			name = Main.storyboard;
			sourceTree = "<group>";
		};
		AD616E4126BD02EE00A6953D /* LaunchScreen.storyboard */ = {
			isa = PBXVariantGroup;
			children = (
				AD616E4226BD02EE00A6953D /* Base */,
			);
			name = LaunchScreen.storyboard;
			sourceTree = "<group>";
		};
/* End PBXVariantGroup section */

/* Begin XCBuildConfiguration section */
		AD616E5B26BD02EF00A6953D /* Debug */ = {
			isa = XCBuildConfiguration;
			buildSettings = {
				ALWAYS_SEARCH_USER_PATHS = NO;
				CLANG_ANALYZER_NONNULL = YES;
				CLANG_ANALYZER_NUMBER_OBJECT_CONVERSION = YES_AGGRESSIVE;
				CLANG_CXX_LANGUAGE_STANDARD = "gnu++14";
				CLANG_CXX_LIBRARY = "libc++";
				CLANG_ENABLE_MODULES = YES;
				CLANG_ENABLE_OBJC_ARC = YES;
				CLANG_ENABLE_OBJC_WEAK = YES;
				CLANG_WARN_BLOCK_CAPTURE_AUTORELEASING = YES;
				CLANG_WARN_BOOL_CONVERSION = YES;
				CLANG_WARN_COMMA = YES;
				CLANG_WARN_CONSTANT_CONVERSION = YES;
				CLANG_WARN_DEPRECATED_OBJC_IMPLEMENTATIONS = YES;
				CLANG_WARN_DIRECT_OBJC_ISA_USAGE = YES_ERROR;
				CLANG_WARN_DOCUMENTATION_COMMENTS = YES;
				CLANG_WARN_EMPTY_BODY = YES;
				CLANG_WARN_ENUM_CONVERSION = YES;
				CLANG_WARN_INFINITE_RECURSION = YES;
				CLANG_WARN_INT_CONVERSION = YES;
				CLANG_WARN_NON_LITERAL_NULL_CONVERSION = YES;
				CLANG_WARN_OBJC_IMPLICIT_RETAIN_SELF = YES;
				CLANG_WARN_OBJC_LITERAL_CONVERSION = YES;
				CLANG_WARN_OBJC_ROOT_CLASS = YES_ERROR;
				CLANG_WARN_QUOTED_INCLUDE_IN_FRAMEWORK_HEADER = YES;
				CLANG_WARN_RANGE_LOOP_ANALYSIS = YES;
				CLANG_WARN_STRICT_PROTOTYPES = YES;
				CLANG_WARN_SUSPICIOUS_MOVE = YES;
				CLANG_WARN_UNGUARDED_AVAILABILITY = YES_AGGRESSIVE;
				CLANG_WARN_UNREACHABLE_CODE = YES;
				CLANG_WARN__DUPLICATE_METHOD_MATCH = YES;
				COPY_PHASE_STRIP = NO;
				DEBUG_INFORMATION_FORMAT = dwarf;
				ENABLE_STRICT_OBJC_MSGSEND = YES;
				ENABLE_TESTABILITY = YES;
				GCC_C_LANGUAGE_STANDARD = gnu11;
				GCC_DYNAMIC_NO_PIC = NO;
				GCC_NO_COMMON_BLOCKS = YES;
				GCC_OPTIMIZATION_LEVEL = 0;
				GCC_PREPROCESSOR_DEFINITIONS = (
					"DEBUG=1",
					"$(inherited)",
				);
				GCC_WARN_64_TO_32_BIT_CONVERSION = YES;
				GCC_WARN_ABOUT_RETURN_TYPE = YES_ERROR;
				GCC_WARN_UNDECLARED_SELECTOR = YES;
				GCC_WARN_UNINITIALIZED_AUTOS = YES_AGGRESSIVE;
				GCC_WARN_UNUSED_FUNCTION = YES;
				GCC_WARN_UNUSED_VARIABLE = YES;
				IPHONEOS_DEPLOYMENT_TARGET = 14.5;
				MTL_ENABLE_DEBUG_INFO = INCLUDE_SOURCE;
				MTL_FAST_MATH = YES;
				ONLY_ACTIVE_ARCH = YES;
				SDKROOT = iphoneos;
				SWIFT_ACTIVE_COMPILATION_CONDITIONS = DEBUG;
				SWIFT_OPTIMIZATION_LEVEL = "-Onone";
			};
			name = Debug;
		};
		AD616E5C26BD02EF00A6953D /* Release */ = {
			isa = XCBuildConfiguration;
			buildSettings = {
				ALWAYS_SEARCH_USER_PATHS = NO;
				CLANG_ANALYZER_NONNULL = YES;
				CLANG_ANALYZER_NUMBER_OBJECT_CONVERSION = YES_AGGRESSIVE;
				CLANG_CXX_LANGUAGE_STANDARD = "gnu++14";
				CLANG_CXX_LIBRARY = "libc++";
				CLANG_ENABLE_MODULES = YES;
				CLANG_ENABLE_OBJC_ARC = YES;
				CLANG_ENABLE_OBJC_WEAK = YES;
				CLANG_WARN_BLOCK_CAPTURE_AUTORELEASING = YES;
				CLANG_WARN_BOOL_CONVERSION = YES;
				CLANG_WARN_COMMA = YES;
				CLANG_WARN_CONSTANT_CONVERSION = YES;
				CLANG_WARN_DEPRECATED_OBJC_IMPLEMENTATIONS = YES;
				CLANG_WARN_DIRECT_OBJC_ISA_USAGE = YES_ERROR;
				CLANG_WARN_DOCUMENTATION_COMMENTS = YES;
				CLANG_WARN_EMPTY_BODY = YES;
				CLANG_WARN_ENUM_CONVERSION = YES;
				CLANG_WARN_INFINITE_RECURSION = YES;
				CLANG_WARN_INT_CONVERSION = YES;
				CLANG_WARN_NON_LITERAL_NULL_CONVERSION = YES;
				CLANG_WARN_OBJC_IMPLICIT_RETAIN_SELF = YES;
				CLANG_WARN_OBJC_LITERAL_CONVERSION = YES;
				CLANG_WARN_OBJC_ROOT_CLASS = YES_ERROR;
				CLANG_WARN_QUOTED_INCLUDE_IN_FRAMEWORK_HEADER = YES;
				CLANG_WARN_RANGE_LOOP_ANALYSIS = YES;
				CLANG_WARN_STRICT_PROTOTYPES = YES;
				CLANG_WARN_SUSPICIOUS_MOVE = YES;
				CLANG_WARN_UNGUARDED_AVAILABILITY = YES_AGGRESSIVE;
				CLANG_WARN_UNREACHABLE_CODE = YES;
				CLANG_WARN__DUPLICATE_METHOD_MATCH = YES;
				COPY_PHASE_STRIP = NO;
				DEBUG_INFORMATION_FORMAT = "dwarf-with-dsym";
				ENABLE_NS_ASSERTIONS = NO;
				ENABLE_STRICT_OBJC_MSGSEND = YES;
				GCC_C_LANGUAGE_STANDARD = gnu11;
				GCC_NO_COMMON_BLOCKS = YES;
				GCC_WARN_64_TO_32_BIT_CONVERSION = YES;
				GCC_WARN_ABOUT_RETURN_TYPE = YES_ERROR;
				GCC_WARN_UNDECLARED_SELECTOR = YES;
				GCC_WARN_UNINITIALIZED_AUTOS = YES_AGGRESSIVE;
				GCC_WARN_UNUSED_FUNCTION = YES;
				GCC_WARN_UNUSED_VARIABLE = YES;
				IPHONEOS_DEPLOYMENT_TARGET = 14.5;
				MTL_ENABLE_DEBUG_INFO = NO;
				MTL_FAST_MATH = YES;
				SDKROOT = iphoneos;
				SWIFT_COMPILATION_MODE = wholemodule;
				SWIFT_OPTIMIZATION_LEVEL = "-O";
				VALIDATE_PRODUCT = YES;
			};
			name = Release;
		};
		AD616E5E26BD02EF00A6953D /* Debug */ = {
			isa = XCBuildConfiguration;
			buildSettings = {
				ASSETCATALOG_COMPILER_APPICON_NAME = AppIcon;
				ASSETCATALOG_COMPILER_GLOBAL_ACCENT_COLOR_NAME = AccentColor;
				CODE_SIGN_STYLE = Automatic;
				INFOPLIST_FILE = Prework/Info.plist;
				LD_RUNPATH_SEARCH_PATHS = (
					"$(inherited)",
					"@executable_path/Frameworks",
				);
				PRODUCT_BUNDLE_IDENTIFIER = memo.com.Prework;
				PRODUCT_NAME = "$(TARGET_NAME)";
				SWIFT_VERSION = 5.0;
				TARGETED_DEVICE_FAMILY = "1,2";
			};
			name = Debug;
		};
		AD616E5F26BD02EF00A6953D /* Release */ = {
			isa = XCBuildConfiguration;
			buildSettings = {
				ASSETCATALOG_COMPILER_APPICON_NAME = AppIcon;
				ASSETCATALOG_COMPILER_GLOBAL_ACCENT_COLOR_NAME = AccentColor;
				CODE_SIGN_STYLE = Automatic;
				INFOPLIST_FILE = Prework/Info.plist;
				LD_RUNPATH_SEARCH_PATHS = (
					"$(inherited)",
					"@executable_path/Frameworks",
				);
				PRODUCT_BUNDLE_IDENTIFIER = memo.com.Prework;
				PRODUCT_NAME = "$(TARGET_NAME)";
				SWIFT_VERSION = 5.0;
				TARGETED_DEVICE_FAMILY = "1,2";
			};
			name = Release;
		};
		AD616E6126BD02EF00A6953D /* Debug */ = {
			isa = XCBuildConfiguration;
			buildSettings = {
				ALWAYS_EMBED_SWIFT_STANDARD_LIBRARIES = YES;
				BUNDLE_LOADER = "$(TEST_HOST)";
				CODE_SIGN_STYLE = Automatic;
				INFOPLIST_FILE = PreworkTests/Info.plist;
				IPHONEOS_DEPLOYMENT_TARGET = 14.5;
				LD_RUNPATH_SEARCH_PATHS = (
					"$(inherited)",
					"@executable_path/Frameworks",
					"@loader_path/Frameworks",
				);
				PRODUCT_BUNDLE_IDENTIFIER = memo.com.PreworkTests;
				PRODUCT_NAME = "$(TARGET_NAME)";
				SWIFT_VERSION = 5.0;
				TARGETED_DEVICE_FAMILY = "1,2";
				TEST_HOST = "$(BUILT_PRODUCTS_DIR)/Prework.app/Prework";
			};
			name = Debug;
		};
		AD616E6226BD02EF00A6953D /* Release */ = {
			isa = XCBuildConfiguration;
			buildSettings = {
				ALWAYS_EMBED_SWIFT_STANDARD_LIBRARIES = YES;
				BUNDLE_LOADER = "$(TEST_HOST)";
				CODE_SIGN_STYLE = Automatic;
				INFOPLIST_FILE = PreworkTests/Info.plist;
				IPHONEOS_DEPLOYMENT_TARGET = 14.5;
				LD_RUNPATH_SEARCH_PATHS = (
					"$(inherited)",
					"@executable_path/Frameworks",
					"@loader_path/Frameworks",
				);
				PRODUCT_BUNDLE_IDENTIFIER = memo.com.PreworkTests;
				PRODUCT_NAME = "$(TARGET_NAME)";
				SWIFT_VERSION = 5.0;
				TARGETED_DEVICE_FAMILY = "1,2";
				TEST_HOST = "$(BUILT_PRODUCTS_DIR)/Prework.app/Prework";
			};
			name = Release;
		};
		AD616E6426BD02EF00A6953D /* Debug */ = {
			isa = XCBuildConfiguration;
			buildSettings = {
				ALWAYS_EMBED_SWIFT_STANDARD_LIBRARIES = YES;
				CODE_SIGN_STYLE = Automatic;
				INFOPLIST_FILE = PreworkUITests/Info.plist;
				LD_RUNPATH_SEARCH_PATHS = (
					"$(inherited)",
					"@executable_path/Frameworks",
					"@loader_path/Frameworks",
				);
				PRODUCT_BUNDLE_IDENTIFIER = memo.com.PreworkUITests;
				PRODUCT_NAME = "$(TARGET_NAME)";
				SWIFT_VERSION = 5.0;
				TARGETED_DEVICE_FAMILY = "1,2";
				TEST_TARGET_NAME = Prework;
			};
			name = Debug;
		};
		AD616E6526BD02EF00A6953D /* Release */ = {
			isa = XCBuildConfiguration;
			buildSettings = {
				ALWAYS_EMBED_SWIFT_STANDARD_LIBRARIES = YES;
				CODE_SIGN_STYLE = Automatic;
				INFOPLIST_FILE = PreworkUITests/Info.plist;
				LD_RUNPATH_SEARCH_PATHS = (
					"$(inherited)",
					"@executable_path/Frameworks",
					"@loader_path/Frameworks",
				);
				PRODUCT_BUNDLE_IDENTIFIER = memo.com.PreworkUITests;
				PRODUCT_NAME = "$(TARGET_NAME)";
				SWIFT_VERSION = 5.0;
				TARGETED_DEVICE_FAMILY = "1,2";
				TEST_TARGET_NAME = Prework;
			};
			name = Release;
		};
/* End XCBuildConfiguration section */

/* Begin XCConfigurationList section */
		AD616E2E26BD02EC00A6953D /* Build configuration list for PBXProject "Prework" */ = {
			isa = XCConfigurationList;
			buildConfigurations = (
				AD616E5B26BD02EF00A6953D /* Debug */,
				AD616E5C26BD02EF00A6953D /* Release */,
			);
			defaultConfigurationIsVisible = 0;
			defaultConfigurationName = Release;
		};
		AD616E5D26BD02EF00A6953D /* Build configuration list for PBXNativeTarget "Prework" */ = {
			isa = XCConfigurationList;
			buildConfigurations = (
				AD616E5E26BD02EF00A6953D /* Debug */,
				AD616E5F26BD02EF00A6953D /* Release */,
			);
			defaultConfigurationIsVisible = 0;
			defaultConfigurationName = Release;
		};
		AD616E6026BD02EF00A6953D /* Build configuration list for PBXNativeTarget "PreworkTests" */ = {
			isa = XCConfigurationList;
			buildConfigurations = (
				AD616E6126BD02EF00A6953D /* Debug */,
				AD616E6226BD02EF00A6953D /* Release */,
			);
			defaultConfigurationIsVisible = 0;
			defaultConfigurationName = Release;
		};
		AD616E6326BD02EF00A6953D /* Build configuration list for PBXNativeTarget "PreworkUITests" */ = {
			isa = XCConfigurationList;
			buildConfigurations = (
				AD616E6426BD02EF00A6953D /* Debug */,
				AD616E6526BD02EF00A6953D /* Release */,
			);
			defaultConfigurationIsVisible = 0;
			defaultConfigurationName = Release;
		};
/* End XCConfigurationList section */
	};
	rootObject = AD616E2B26BD02EC00A6953D /* Project object */;
}
